# This file is automatically @generated by Cargo.
# It is not intended for manual editing.
version = 4

[[package]]
name = "accuracy"
version = "0.1.0"
dependencies = [
 "engine",
 "guards",
 "keymap",
 "lang",
]

[[package]]
name = "engine"
version = "0.1.0"
dependencies = [
 "guards",
 "keymap",
 "lang",
]

[[package]]
name = "guards"
version = "0.1.0"

[[package]]
name = "keymap"
version = "0.1.0"

[[package]]
name = "lang"
version = "0.1.0"
